// !$*UTF8*$!
{
	archiveVersion = 1;
	classes = {
	};
	objectVersion = 48;
	objects = {

/* Begin PBXBuildFile section */
		30818C6F2310122B00080E58 /* SecondTableViewCell.swift in Sources */ = {isa = PBXBuildFile; fileRef = 30818C6E2310122B00080E58 /* SecondTableViewCell.swift */; };
		309C4F21230E64A70027054B /* AppDelegate.swift in Sources */ = {isa = PBXBuildFile; fileRef = 309C4F20230E64A70027054B /* AppDelegate.swift */; };
		309C4F23230E64A70027054B /* ViewController.swift in Sources */ = {isa = PBXBuildFile; fileRef = 309C4F22230E64A70027054B /* ViewController.swift */; };
		309C4F26230E64A70027054B /* Main.storyboard in Resources */ = {isa = PBXBuildFile; fileRef = 309C4F24230E64A70027054B /* Main.storyboard */; };
		309C4F28230E64A70027054B /* Assets.xcassets in Resources */ = {isa = PBXBuildFile; fileRef = 309C4F27230E64A70027054B /* Assets.xcassets */; };
		309C4F2B230E64A70027054B /* LaunchScreen.storyboard in Resources */ = {isa = PBXBuildFile; fileRef = 309C4F29230E64A70027054B /* LaunchScreen.storyboard */; };
		309C4F35230E75770027054B /* CellTableViewCell.swift in Sources */ = {isa = PBXBuildFile; fileRef = 309C4F34230E75770027054B /* CellTableViewCell.swift */; };
		309C4F37230E9BC60027054B /* SecomdViewController.swift in Sources */ = {isa = PBXBuildFile; fileRef = 309C4F36230E9BC60027054B /* SecomdViewController.swift */; };
		CDFAE8596ED3D3484C332937 /* Pods_Tableview.framework in Frameworks */ = {isa = PBXBuildFile; fileRef = 1A4D0AE244C8B7CFA798F650 /* Pods_Tableview.framework */; };
/* End PBXBuildFile section */

/* Begin PBXFileReference section */
		1A4D0AE244C8B7CFA798F650 /* Pods_Tableview.framework */ = {isa = PBXFileReference; explicitFileType = wrapper.framework; includeInIndex = 0; path = Pods_Tableview.framework; sourceTree = BUILT_PRODUCTS_DIR; };
		30818C6E2310122B00080E58 /* SecondTableViewCell.swift */ = {isa = PBXFileReference; lastKnownFileType = sourcecode.swift; path = SecondTableViewCell.swift; sourceTree = "<group>"; };
		309C4F1D230E64A70027054B /* Tableview.app */ = {isa = PBXFileReference; explicitFileType = wrapper.application; includeInIndex = 0; path = Tableview.app; sourceTree = BUILT_PRODUCTS_DIR; };
		309C4F20230E64A70027054B /* AppDelegate.swift */ = {isa = PBXFileReference; lastKnownFileType = sourcecode.swift; path = AppDelegate.swift; sourceTree = "<group>"; };
		309C4F22230E64A70027054B /* ViewController.swift */ = {isa = PBXFileReference; lastKnownFileType = sourcecode.swift; path = ViewController.swift; sourceTree = "<group>"; };
		309C4F25230E64A70027054B /* Base */ = {isa = PBXFileReference; lastKnownFileType = file.storyboard; name = Base; path = Base.lproj/Main.storyboard; sourceTree = "<group>"; };
		309C4F27230E64A70027054B /* Assets.xcassets */ = {isa = PBXFileReference; lastKnownFileType = folder.assetcatalog; path = Assets.xcassets; sourceTree = "<group>"; };
		309C4F2A230E64A70027054B /* Base */ = {isa = PBXFileReference; lastKnownFileType = file.storyboard; name = Base; path = Base.lproj/LaunchScreen.storyboard; sourceTree = "<group>"; };
		309C4F2C230E64A70027054B /* Info.plist */ = {isa = PBXFileReference; lastKnownFileType = text.plist.xml; path = Info.plist; sourceTree = "<group>"; };
		309C4F34230E75770027054B /* CellTableViewCell.swift */ = {isa = PBXFileReference; lastKnownFileType = sourcecode.swift; path = CellTableViewCell.swift; sourceTree = "<group>"; };
		309C4F36230E9BC60027054B /* SecomdViewController.swift */ = {isa = PBXFileReference; lastKnownFileType = sourcecode.swift; path = SecomdViewController.swift; sourceTree = "<group>"; };
		9BB7518AA072D2B078F16B98 /* Pods-Tableview.debug.xcconfig */ = {isa = PBXFileReference; includeInIndex = 1; lastKnownFileType = text.xcconfig; name = "Pods-Tableview.debug.xcconfig"; path = "Target Support Files/Pods-Tableview/Pods-Tableview.debug.xcconfig"; sourceTree = "<group>"; };
		A83B55836BDEFC25A195A08B /* Pods-Tableview.release.xcconfig */ = {isa = PBXFileReference; includeInIndex = 1; lastKnownFileType = text.xcconfig; name = "Pods-Tableview.release.xcconfig"; path = "Target Support Files/Pods-Tableview/Pods-Tableview.release.xcconfig"; sourceTree = "<group>"; };
/* End PBXFileReference section */

/* Begin PBXFrameworksBuildPhase section */
		309C4F1A230E64A70027054B /* Frameworks */ = {
			isa = PBXFrameworksBuildPhase;
			buildActionMask = 2147483647;
			files = (
				CDFAE8596ED3D3484C332937 /* Pods_Tableview.framework in Frameworks */,
			);
			runOnlyForDeploymentPostprocessing = 0;
		};
/* End PBXFrameworksBuildPhase section */

/* Begin PBXGroup section */
		309C4F14230E64A70027054B = {
			isa = PBXGroup;
			children = (
				309C4F1F230E64A70027054B /* Tableview */,
				309C4F1E230E64A70027054B /* Products */,
				3C6FA4B7099CCB5FD41F0617 /* Pods */,
				A7649DBA400EB93D911AEB2B /* Frameworks */,
			);
			sourceTree = "<group>";
		};
		309C4F1E230E64A70027054B /* Products */ = {
			isa = PBXGroup;
			children = (
				309C4F1D230E64A70027054B /* Tableview.app */,
			);
			name = Products;
			sourceTree = "<group>";
		};
		309C4F1F230E64A70027054B /* Tableview */ = {
			isa = PBXGroup;
			children = (
				309C4F20230E64A70027054B /* AppDelegate.swift */,
				30818C6E2310122B00080E58 /* SecondTableViewCell.swift */,
				309C4F36230E9BC60027054B /* SecomdViewController.swift */,
				309C4F34230E75770027054B /* CellTableViewCell.swift */,
				309C4F22230E64A70027054B /* ViewController.swift */,
				309C4F24230E64A70027054B /* Main.storyboard */,
				309C4F27230E64A70027054B /* Assets.xcassets */,
				309C4F29230E64A70027054B /* LaunchScreen.storyboard */,
				309C4F2C230E64A70027054B /* Info.plist */,
			);
			path = Tableview;
			sourceTree = "<group>";
		};
		3C6FA4B7099CCB5FD41F0617 /* Pods */ = {
			isa = PBXGroup;
			children = (
				9BB7518AA072D2B078F16B98 /* Pods-Tableview.debug.xcconfig */,
				A83B55836BDEFC25A195A08B /* Pods-Tableview.release.xcconfig */,
			);
			name = Pods;
			path = Pods;
			sourceTree = "<group>";
		};
		A7649DBA400EB93D911AEB2B /* Frameworks */ = {
			isa = PBXGroup;
			children = (
				1A4D0AE244C8B7CFA798F650 /* Pods_Tableview.framework */,
			);
			name = Frameworks;
			sourceTree = "<group>";
		};
/* End PBXGroup section */

/* Begin PBXNativeTarget section */
		309C4F1C230E64A70027054B /* Tableview */ = {
			isa = PBXNativeTarget;
			buildConfigurationList = 309C4F2F230E64A70027054B /* Build configuration list for PBXNativeTarget "Tableview" */;
			buildPhases = (
				891437D5DA6160AFB9E5303D /* [CP] Check Pods Manifest.lock */,
				309C4F19230E64A70027054B /* Sources */,
				309C4F1A230E64A70027054B /* Frameworks */,
				309C4F1B230E64A70027054B /* Resources */,
				7E796573846A2AB29B771F14 /* [CP] Embed Pods Frameworks */,
			);
			buildRules = (
			);
			dependencies = (
			);
			name = Tableview;
			productName = Tableview;
			productReference = 309C4F1D230E64A70027054B /* Tableview.app */;
			productType = "com.apple.product-type.application";
		};
/* End PBXNativeTarget section */

/* Begin PBXProject section */
		309C4F15230E64A70027054B /* Project object */ = {
			isa = PBXProject;
			attributes = {
				LastSwiftUpdateCheck = 0920;
				LastUpgradeCheck = 0920;
				ORGANIZATIONNAME = "Cogitate Technology Solutions";
				TargetAttributes = {
					309C4F1C230E64A70027054B = {
						CreatedOnToolsVersion = 9.2;
						ProvisioningStyle = Automatic;
					};
				};
			};
			buildConfigurationList = 309C4F18230E64A70027054B /* Build configuration list for PBXProject "Tableview" */;
			compatibilityVersion = "Xcode 8.0";
			developmentRegion = en;
			hasScannedForEncodings = 0;
			knownRegions = (
				en,
				Base,
			);
			mainGroup = 309C4F14230E64A70027054B;
			productRefGroup = 309C4F1E230E64A70027054B /* Products */;
			projectDirPath = "";
			projectRoot = "";
			targets = (
				309C4F1C230E64A70027054B /* Tableview */,
			);
		};
/* End PBXProject section */

/* Begin PBXResourcesBuildPhase section */
		309C4F1B230E64A70027054B /* Resources */ = {
			isa = PBXResourcesBuildPhase;
			buildActionMask = 2147483647;
			files = (
				309C4F2B230E64A70027054B /* LaunchScreen.storyboard in Resources */,
				309C4F28230E64A70027054B /* Assets.xcassets in Resources */,
				309C4F26230E64A70027054B /* Main.storyboard in Resources */,
			);
			runOnlyForDeploymentPostprocessing = 0;
		};
/* End PBXResourcesBuildPhase section */

/* Begin PBXShellScriptBuildPhase section */
		7E796573846A2AB29B771F14 /* [CP] Embed Pods Frameworks */ = {
			isa = PBXShellScriptBuildPhase;
			buildActionMask = 2147483647;
			files = (
			);
			inputPaths = (
				"${PODS_ROOT}/Target Support Files/Pods-Tableview/Pods-Tableview-frameworks.sh",
				"${BUILT_PRODUCTS_DIR}/Alamofire/Alamofire.framework",
				"${BUILT_PRODUCTS_DIR}/SwiftyJSON/SwiftyJSON.framework",
			);
			name = "[CP] Embed Pods Frameworks";
			outputPaths = (
				"${TARGET_BUILD_DIR}/${FRAMEWORKS_FOLDER_PATH}/Alamofire.framework",
				"${TARGET_BUILD_DIR}/${FRAMEWORKS_FOLDER_PATH}/SwiftyJSON.framework",
			);
			runOnlyForDeploymentPostprocessing = 0;
			shellPath = /bin/sh;
			shellScript = "\"${PODS_ROOT}/Target Support Files/Pods-Tableview/Pods-Tableview-frameworks.sh\"\n";
			showEnvVarsInLog = 0;
		};
		891437D5DA6160AFB9E5303D /* [CP] Check Pods Manifest.lock */ = {
			isa = PBXShellScriptBuildPhase;
			buildActionMask = 2147483647;
			files = (
			);
			inputFileListPaths = (
			);
			inputPaths = (
				"${PODS_PODFILE_DIR_PATH}/Podfile.lock",
				"${PODS_ROOT}/Manifest.lock",
			);
			name = "[CP] Check Pods Manifest.lock";
			outputFileListPaths = (
			);
			outputPaths = (
				"$(DERIVED_FILE_DIR)/Pods-Tableview-checkManifestLockResult.txt",
			);
			runOnlyForDeploymentPostprocessing = 0;
			shellPath = /bin/sh;
			shellScript = "diff \"${PODS_PODFILE_DIR_PATH}/Podfile.lock\" \"${PODS_ROOT}/Manifest.lock\" > /dev/null\nif [ $? != 0 ] ; then\n    # print error to STDERR\n    echo \"error: The sandbox is not in sync with the Podfile.lock. Run 'pod install' or update your CocoaPods installation.\" >&2\n    exit 1\nfi\n# This output is used by Xcode 'outputs' to avoid re-running this script phase.\necho \"SUCCESS\" > \"${SCRIPT_OUTPUT_FILE_0}\"\n";
			showEnvVarsInLog = 0;
		};
/* End PBXShellScriptBuildPhase section */

/* Begin PBXSourcesBuildPhase section */
		309C4F19230E64A70027054B /* Sources */ = {
			isa = PBXSourcesBuildPhase;
			buildActionMask = 2147483647;
			files = (
				309C4F35230E75770027054B /* CellTableViewCell.swift in Sources */,
				30818C6F2310122B00080E58 /* SecondTableViewCell.swift in Sources */,
				309C4F23230E64A70027054B /* ViewController.swift in Sources */,
				309C4F21230E64A70027054B /* AppDelegate.swift in Sources */,
				309C4F37230E9BC60027054B /* SecomdViewController.swift in Sources */,
			);
			runOnlyForDeploymentPostprocessing = 0;
		};
/* End PBXSourcesBuildPhase section */

/* Begin PBXVariantGroup section */
		309C4F24230E64A70027054B /* Main.storyboard */ = {
			isa = PBXVariantGroup;
			children = (
				309C4F25230E64A70027054B /* Base */,
			);
			name = Main.storyboard;
			sourceTree = "<group>";
		};
		309C4F29230E64A70027054B /* LaunchScreen.storyboard */ = {
			isa = PBXVariantGroup;
			children = (
				309C4F2A230E64A70027054B /* Base */,
			);
			name = LaunchScreen.storyboard;
			sourceTree = "<group>";
		};
/* End PBXVariantGroup section */

/* Begin XCBuildConfiguration section */
		309C4F2D230E64A70027054B /* Debug */ = {
			isa = XCBuildConfiguration;
			buildSettings = {
				ALWAYS_SEARCH_USER_PATHS = NO;
				CLANG_ANALYZER_NONNULL = YES;
				CLANG_ANALYZER_NUMBER_OBJECT_CONVERSION = YES_AGGRESSIVE;
				CLANG_CXX_LANGUAGE_STANDARD = "gnu++14";
				CLANG_CXX_LIBRARY = "libc++";
				CLANG_ENABLE_MODULES = YES;
				CLANG_ENABLE_OBJC_ARC = YES;
				CLANG_WARN_BLOCK_CAPTURE_AUTORELEASING = YES;
				CLANG_WARN_BOOL_CONVERSION = YES;
				CLANG_WARN_COMMA = YES;
				CLANG_WARN_CONSTANT_CONVERSION = YES;
				CLANG_WARN_DIRECT_OBJC_ISA_USAGE = YES_ERROR;
				CLANG_WARN_DOCUMENTATION_COMMENTS = YES;
				CLANG_WARN_EMPTY_BODY = YES;
				CLANG_WARN_ENUM_CONVERSION = YES;
				CLANG_WARN_INFINITE_RECURSION = YES;
				CLANG_WARN_INT_CONVERSION = YES;
				CLANG_WARN_NON_LITERAL_NULL_CONVERSION = YES;
				CLANG_WARN_OBJC_LITERAL_CONVERSION = YES;
				CLANG_WARN_OBJC_ROOT_CLASS = YES_ERROR;
				CLANG_WARN_RANGE_LOOP_ANALYSIS = YES;
				CLANG_WARN_STRICT_PROTOTYPES = YES;
				CLANG_WARN_SUSPICIOUS_MOVE = YES;
				CLANG_WARN_UNGUARDED_AVAILABILITY = YES_AGGRESSIVE;
				CLANG_WARN_UNREACHABLE_CODE = YES;
				CLANG_WARN__DUPLICATE_METHOD_MATCH = YES;
				CODE_SIGN_IDENTITY = "iPhone Developer";
				COPY_PHASE_STRIP = NO;
				DEBUG_INFORMATION_FORMAT = dwarf;
				ENABLE_STRICT_OBJC_MSGSEND = YES;
				ENABLE_TESTABILITY = YES;
				GCC_C_LANGUAGE_STANDARD = gnu11;
				GCC_DYNAMIC_NO_PIC = NO;
				GCC_NO_COMMON_BLOCKS = YES;
				GCC_OPTIMIZATION_LEVEL = 0;
				GCC_PREPROCESSOR_DEFINITIONS = (
					"DEBUG=1",
					"$(inherited)",
				);
				GCC_WARN_64_TO_32_BIT_CONVERSION = YES;
				GCC_WARN_ABOUT_RETURN_TYPE = YES_ERROR;
				GCC_WARN_UNDECLARED_SELECTOR = YES;
				GCC_WARN_UNINITIALIZED_AUTOS = YES_AGGRESSIVE;
				GCC_WARN_UNUSED_FUNCTION = YES;
				GCC_WARN_UNUSED_VARIABLE = YES;
				IPHONEOS_DEPLOYMENT_TARGET = 11.2;
				MTL_ENABLE_DEBUG_INFO = YES;
				ONLY_ACTIVE_ARCH = YES;
				SDKROOT = iphoneos;
				SWIFT_ACTIVE_COMPILATION_CONDITIONS = DEBUG;
				SWIFT_OPTIMIZATION_LEVEL = "-Onone";
			};
			name = Debug;
		};
		309C4F2E230E64A70027054B /* Release */ = {
			isa = XCBuildConfiguration;
			buildSettings = {
				ALWAYS_SEARCH_USER_PATHS = NO;
				CLANG_ANALYZER_NONNULL = YES;
				CLANG_ANALYZER_NUMBER_OBJECT_CONVERSION = YES_AGGRESSIVE;
				CLANG_CXX_LANGUAGE_STANDARD = "gnu++14";
				CLANG_CXX_LIBRARY = "libc++";
				CLANG_ENABLE_MODULES = YES;
				CLANG_ENABLE_OBJC_ARC = YES;
				CLANG_WARN_BLOCK_CAPTURE_AUTORELEASING = YES;
				CLANG_WARN_BOOL_CONVERSION = YES;
				CLANG_WARN_COMMA = YES;
				CLANG_WARN_CONSTANT_CONVERSION = YES;
				CLANG_WARN_DIRECT_OBJC_ISA_USAGE = YES_ERROR;
				CLANG_WARN_DOCUMENTATION_COMMENTS = YES;
				CLANG_WARN_EMPTY_BODY = YES;
				CLANG_WARN_ENUM_CONVERSION = YES;
				CLANG_WARN_INFINITE_RECURSION = YES;
				CLANG_WARN_INT_CONVERSION = YES;
				CLANG_WARN_NON_LITERAL_NULL_CONVERSION = YES;
				CLANG_WARN_OBJC_LITERAL_CONVERSION = YES;
				CLANG_WARN_OBJC_ROOT_CLASS = YES_ERROR;
				CLANG_WARN_RANGE_LOOP_ANALYSIS = YES;
				CLANG_WARN_STRICT_PROTOTYPES = YES;
				CLANG_WARN_SUSPICIOUS_MOVE = YES;
				CLANG_WARN_UNGUARDED_AVAILABILITY = YES_AGGRESSIVE;
				CLANG_WARN_UNREACHABLE_CODE = YES;
				CLANG_WARN__DUPLICATE_METHOD_MATCH = YES;
				CODE_SIGN_IDENTITY = "iPhone Developer";
				COPY_PHASE_STRIP = NO;
				DEBUG_INFORMATION_FORMAT = "dwarf-with-dsym";
				ENABLE_NS_ASSERTIONS = NO;
				ENABLE_STRICT_OBJC_MSGSEND = YES;
				GCC_C_LANGUAGE_STANDARD = gnu11;
				GCC_NO_COMMON_BLOCKS = YES;
				GCC_WARN_64_TO_32_BIT_CONVERSION = YES;
				GCC_WARN_ABOUT_RETURN_TYPE = YES_ERROR;
				GCC_WARN_UNDECLARED_SELECTOR = YES;
				GCC_WARN_UNINITIALIZED_AUTOS = YES_AGGRESSIVE;
				GCC_WARN_UNUSED_FUNCTION = YES;
				GCC_WARN_UNUSED_VARIABLE = YES;
				IPHONEOS_DEPLOYMENT_TARGET = 11.2;
				MTL_ENABLE_DEBUG_INFO = NO;
				SDKROOT = iphoneos;
				SWIFT_OPTIMIZATION_LEVEL = "-Owholemodule";
				VALIDATE_PRODUCT = YES;
			};
			name = Release;
		};
		309C4F30230E64A70027054B /* Debug */ = {
			isa = XCBuildConfiguration;
			baseConfigurationReference = 9BB7518AA072D2B078F16B98 /* Pods-Tableview.debug.xcconfig */;
			buildSettings = {
				ASSETCATALOG_COMPILER_APPICON_NAME = AppIcon;
				CODE_SIGN_STYLE = Automatic;
				DEVELOPMENT_TEAM = BAN379PV28;
				INFOPLIST_FILE = Tableview/Info.plist;
				LD_RUNPATH_SEARCH_PATHS = "$(inherited) @executable_path/Frameworks";
				PRODUCT_BUNDLE_IDENTIFIER = us.cogitate.nsingh.Tableview;
				PRODUCT_NAME = "$(TARGET_NAME)";
				SWIFT_VERSION = 4.0;
				TARGETED_DEVICE_FAMILY = "1,2";
			};
			name = Debug;
		};
		309C4F31230E64A70027054B /* Release */ = {
			isa = XCBuildConfiguration;
			baseConfigurationReference = A83B55836BDEFC25A195A08B /* Pods-Tableview.release.xcconfig */;
			buildSettings = {
				ASSETCATALOG_COMPILER_APPICON_NAME = AppIcon;
				CODE_SIGN_STYLE = Automatic;
				DEVELOPMENT_TEAM = BAN379PV28;
				INFOPLIST_FILE = Tableview/Info.plist;
				LD_RUNPATH_SEARCH_PATHS = "$(inherited) @executable_path/Frameworks";
				PRODUCT_BUNDLE_IDENTIFIER = us.cogitate.nsingh.Tableview;
				PRODUCT_NAME = "$(TARGET_NAME)";
				SWIFT_VERSION = 4.0;
				TARGETED_DEVICE_FAMILY = "1,2";
			};
			name = Release;
		};
/* End XCBuildConfiguration section */

/* Begin XCConfigurationList section */
		309C4F18230E64A70027054B /* Build configuration list for PBXProject "Tableview" */ = {
			isa = XCConfigurationList;
			buildConfigurations = (
				309C4F2D230E64A70027054B /* Debug */,
				309C4F2E230E64A70027054B /* Release */,
			);
			defaultConfigurationIsVisible = 0;
			defaultConfigurationName = Release;
		};
		309C4F2F230E64A70027054B /* Build configuration list for PBXNativeTarget "Tableview" */ = {
			isa = XCConfigurationList;
			buildConfigurations = (
				309C4F30230E64A70027054B /* Debug */,
				309C4F31230E64A70027054B /* Release */,
			);
			defaultConfigurationIsVisible = 0;
			defaultConfigurationName = Release;
		};
/* End XCConfigurationList section */
	};
	rootObject = 309C4F15230E64A70027054B /* Project object */;
}
